
Microsoft Visual Studio Solution File, Format Version 12.00
# Visual Studio Version 17
VisualStudioVersion = 17.14.36429.23 d17.14
MinimumVisualStudioVersion = 10.0.40219.1
Project("{FAE04EC0-301F-11D3-BF4B-00C04F79EFBC}") = "TrafficLightEasy", "TrafficLightEasy.csproj", "{F342EA87-F227-46B2-B79F-72AE881ABA33}"
EndProject
Project("{FAE04EC0-301F-11D3-BF4B-00C04F79EFBC}") = "TrafficLightHard", "..\TrafficLightHard\TrafficLightHard.csproj", "{72BC0F7F-553E-49D9-B63C-BAFABBDE531C}"
EndProject
Global
	GlobalSection(SolutionConfigurationPlatforms) = preSolution
		Debug|Any CPU = Debug|Any CPU
		Release|Any CPU = Release|Any CPU
	EndGlobalSection
	GlobalSection(ProjectConfigurationPlatforms) = postSolution
		{F342EA87-F227-46B2-B79F-72AE881ABA33}.Debug|Any CPU.ActiveCfg = Debug|Any CPU
		{F342EA87-F227-46B2-B79F-72AE881ABA33}.Debug|Any CPU.Build.0 = Debug|Any CPU
		{F342EA87-F227-46B2-B79F-72AE881ABA33}.Release|Any CPU.ActiveCfg = Release|Any CPU
		{F342EA87-F227-46B2-B79F-72AE881ABA33}.Release|Any CPU.Build.0 = Release|Any CPU
		{72BC0F7F-553E-49D9-B63C-BAFABBDE531C}.Debug|Any CPU.ActiveCfg = Debug|Any CPU
		{72BC0F7F-553E-49D9-B63C-BAFABBDE531C}.Debug|Any CPU.Build.0 = Debug|Any CPU
		{72BC0F7F-553E-49D9-B63C-BAFABBDE531C}.Release|Any CPU.ActiveCfg = Release|Any CPU
		{72BC0F7F-553E-49D9-B63C-BAFABBDE531C}.Release|Any CPU.Build.0 = Release|Any CPU
	EndGlobalSection
	GlobalSection(SolutionProperties) = preSolution
		HideSolutionNode = FALSE
	EndGlobalSection
	GlobalSection(ExtensibilityGlobals) = postSolution
		SolutionGuid = {39464C6E-1CE2-44B8-BB3B-94C7B3A687B4}
	EndGlobalSection
EndGlobal
